// !$*UTF8*$!
{
	archiveVersion = 1;
	classes = {
	};
	objectVersion = 55;
	objects = {

/* Begin PBXBuildFile section */
		3425053E28815D1000A8B6AF /* BusStoryScene.swift in Sources */ = {isa = PBXBuildFile; fileRef = 3425053C28815D1000A8B6AF /* BusStoryScene.swift */; };
		343579F02889B9AD00DB1FB7 /* BusStoryScene+Extension.swift in Sources */ = {isa = PBXBuildFile; fileRef = 343579EF2889B9AD00DB1FB7 /* BusStoryScene+Extension.swift */; };
		34775652288FBF4D0049A212 /* BusStory.storyboard in Resources */ = {isa = PBXBuildFile; fileRef = 34775651288FBF4D0049A212 /* BusStory.storyboard */; };
		34775654288FBF630049A212 /* BusStoryViewController.swift in Sources */ = {isa = PBXBuildFile; fileRef = 34775653288FBF630049A212 /* BusStoryViewController.swift */; };
		34775656288FBFE10049A212 /* BusMission.storyboard in Resources */ = {isa = PBXBuildFile; fileRef = 34775655288FBFE10049A212 /* BusMission.storyboard */; };
		34775658288FBFED0049A212 /* BusMissionViewController.swift in Sources */ = {isa = PBXBuildFile; fileRef = 34775657288FBFED0049A212 /* BusMissionViewController.swift */; };
		34775660288FC4B20049A212 /* CafeStory.storyboard in Resources */ = {isa = PBXBuildFile; fileRef = 3477565F288FC4B20049A212 /* CafeStory.storyboard */; };
		34775662288FC4C60049A212 /* CafeMission.storyboard in Resources */ = {isa = PBXBuildFile; fileRef = 34775661288FC4C60049A212 /* CafeMission.storyboard */; };
		34775664288FC4D00049A212 /* CafeStoryViewController.swift in Sources */ = {isa = PBXBuildFile; fileRef = 34775663288FC4D00049A212 /* CafeStoryViewController.swift */; };
		34775666288FC4D80049A212 /* CafeMissionViewController.swift in Sources */ = {isa = PBXBuildFile; fileRef = 34775665288FC4D80049A212 /* CafeMissionViewController.swift */; };
		34775668288FDADF0049A212 /* busStageNotificationCenter.swift in Sources */ = {isa = PBXBuildFile; fileRef = 34775667288FDADF0049A212 /* busStageNotificationCenter.swift */; };
		34A18416288044F7004B58E3 /* AppDelegate.swift in Sources */ = {isa = PBXBuildFile; fileRef = 34A18415288044F7004B58E3 /* AppDelegate.swift */; };
		34A18418288044F7004B58E3 /* SceneDelegate.swift in Sources */ = {isa = PBXBuildFile; fileRef = 34A18417288044F7004B58E3 /* SceneDelegate.swift */; };
		34A18422288044F8004B58E3 /* LaunchScreen.storyboard in Resources */ = {isa = PBXBuildFile; fileRef = 34A18420288044F8004B58E3 /* LaunchScreen.storyboard */; };
		34A1842B28804642004B58E3 /* .swiftlint.yml in Resources */ = {isa = PBXBuildFile; fileRef = 34A1842A28804642004B58E3 /* .swiftlint.yml */; };
		34B638C428811CBB00760FD8 /* Assets.xcassets in Resources */ = {isa = PBXBuildFile; fileRef = 34B638BA28811CBB00760FD8 /* Assets.xcassets */; };
		34B638C528811CBB00760FD8 /* StageCell.swift in Sources */ = {isa = PBXBuildFile; fileRef = 34B638BC28811CBB00760FD8 /* StageCell.swift */; };
		34B638C628811CBB00760FD8 /* Stage.storyboard in Resources */ = {isa = PBXBuildFile; fileRef = 34B638BD28811CBB00760FD8 /* Stage.storyboard */; };
		34B638C728811CBB00760FD8 /* StageModel.swift in Sources */ = {isa = PBXBuildFile; fileRef = 34B638BE28811CBB00760FD8 /* StageModel.swift */; };
		34B638C828811CBB00760FD8 /* StageViewController.swift in Sources */ = {isa = PBXBuildFile; fileRef = 34B638BF28811CBB00760FD8 /* StageViewController.swift */; };
		34B638CF28811E2C00760FD8 /* HomeViewController.swift in Sources */ = {isa = PBXBuildFile; fileRef = 34B638CC28811E2C00760FD8 /* HomeViewController.swift */; };
		34B638D028811E2C00760FD8 /* Main.storyboard in Resources */ = {isa = PBXBuildFile; fileRef = 34B638CD28811E2C00760FD8 /* Main.storyboard */; };
		34B638D428811EE300760FD8 /* GameViewController.swift in Sources */ = {isa = PBXBuildFile; fileRef = 34B638D228811EE300760FD8 /* GameViewController.swift */; };
		34B638D528811EE300760FD8 /* GameView.storyboard in Resources */ = {isa = PBXBuildFile; fileRef = 34B638D328811EE300760FD8 /* GameView.storyboard */; };
		34C16E2E288424DD0050F469 /* Constants.swift in Sources */ = {isa = PBXBuildFile; fileRef = 34C16E2D288424DD0050F469 /* Constants.swift */; };
		34F88C312885838600BB3DF8 /* ActionList.sks in Resources */ = {isa = PBXBuildFile; fileRef = 34F88C302885838600BB3DF8 /* ActionList.sks */; };
		34F88C352886BE6700BB3DF8 /* MissionScene.swift in Sources */ = {isa = PBXBuildFile; fileRef = 34F88C342886BE6700BB3DF8 /* MissionScene.swift */; };
		34F88C372886EED000BB3DF8 /* PagedFlowLayout.swift in Sources */ = {isa = PBXBuildFile; fileRef = 34F88C362886EED000BB3DF8 /* PagedFlowLayout.swift */; };
		D46A0E30288531CA00AD57DF /* BusPoleMission.storyboard in Resources */ = {isa = PBXBuildFile; fileRef = D46A0E2F288531CA00AD57DF /* BusPoleMission.storyboard */; };
		D46A0E332885324E00AD57DF /* BusPoleMissionViewController.swift in Sources */ = {isa = PBXBuildFile; fileRef = D46A0E322885324E00AD57DF /* BusPoleMissionViewController.swift */; };
		F89008EA2885835200750905 /* BusSeatMissionConstants.swift in Sources */ = {isa = PBXBuildFile; fileRef = F89008E92885835200750905 /* BusSeatMissionConstants.swift */; };
		F8B6ED15289007930046E7BD /* OrderMilkShakeScene.swift in Sources */ = {isa = PBXBuildFile; fileRef = F8B6ED14289007930046E7BD /* OrderMilkShakeScene.swift */; };
		F8D2B09A2883FB1100493132 /* BusSeatMission.storyboard in Resources */ = {isa = PBXBuildFile; fileRef = F8D2B0992883FB1100493132 /* BusSeatMission.storyboard */; };
		F8D2B09C2883FBDB00493132 /* BusSeatMissionViewController.swift in Sources */ = {isa = PBXBuildFile; fileRef = F8D2B09B2883FBDB00493132 /* BusSeatMissionViewController.swift */; };
		F8F7ECC528857845003D6939 /* BusSeatMissionScene.swift in Sources */ = {isa = PBXBuildFile; fileRef = F8F7ECC428857845003D6939 /* BusSeatMissionScene.swift */; };
/* End PBXBuildFile section */

/* Begin PBXFileReference section */
		3425053C28815D1000A8B6AF /* BusStoryScene.swift */ = {isa = PBXFileReference; fileEncoding = 4; lastKnownFileType = sourcecode.swift; path = BusStoryScene.swift; sourceTree = "<group>"; };
		343579EF2889B9AD00DB1FB7 /* BusStoryScene+Extension.swift */ = {isa = PBXFileReference; lastKnownFileType = sourcecode.swift; path = "BusStoryScene+Extension.swift"; sourceTree = "<group>"; };
		34775651288FBF4D0049A212 /* BusStory.storyboard */ = {isa = PBXFileReference; lastKnownFileType = file.storyboard; path = BusStory.storyboard; sourceTree = "<group>"; };
		34775653288FBF630049A212 /* BusStoryViewController.swift */ = {isa = PBXFileReference; lastKnownFileType = sourcecode.swift; path = BusStoryViewController.swift; sourceTree = "<group>"; };
		34775655288FBFE10049A212 /* BusMission.storyboard */ = {isa = PBXFileReference; lastKnownFileType = file.storyboard; path = BusMission.storyboard; sourceTree = "<group>"; };
		34775657288FBFED0049A212 /* BusMissionViewController.swift */ = {isa = PBXFileReference; lastKnownFileType = sourcecode.swift; path = BusMissionViewController.swift; sourceTree = "<group>"; };
		3477565F288FC4B20049A212 /* CafeStory.storyboard */ = {isa = PBXFileReference; lastKnownFileType = file.storyboard; path = CafeStory.storyboard; sourceTree = "<group>"; };
		34775661288FC4C60049A212 /* CafeMission.storyboard */ = {isa = PBXFileReference; lastKnownFileType = file.storyboard; path = CafeMission.storyboard; sourceTree = "<group>"; };
		34775663288FC4D00049A212 /* CafeStoryViewController.swift */ = {isa = PBXFileReference; lastKnownFileType = sourcecode.swift; path = CafeStoryViewController.swift; sourceTree = "<group>"; };
		34775665288FC4D80049A212 /* CafeMissionViewController.swift */ = {isa = PBXFileReference; lastKnownFileType = sourcecode.swift; path = CafeMissionViewController.swift; sourceTree = "<group>"; };
		34775667288FDADF0049A212 /* busStageNotificationCenter.swift */ = {isa = PBXFileReference; lastKnownFileType = sourcecode.swift; path = busStageNotificationCenter.swift; sourceTree = "<group>"; };
		34A18412288044F7004B58E3 /* RiceCake.app */ = {isa = PBXFileReference; explicitFileType = wrapper.application; includeInIndex = 0; path = RiceCake.app; sourceTree = BUILT_PRODUCTS_DIR; };
		34A18415288044F7004B58E3 /* AppDelegate.swift */ = {isa = PBXFileReference; lastKnownFileType = sourcecode.swift; path = AppDelegate.swift; sourceTree = "<group>"; };
		34A18417288044F7004B58E3 /* SceneDelegate.swift */ = {isa = PBXFileReference; lastKnownFileType = sourcecode.swift; path = SceneDelegate.swift; sourceTree = "<group>"; };
		34A18421288044F8004B58E3 /* Base */ = {isa = PBXFileReference; lastKnownFileType = file.storyboard; name = Base; path = Base.lproj/LaunchScreen.storyboard; sourceTree = "<group>"; };
		34A18423288044F8004B58E3 /* Info.plist */ = {isa = PBXFileReference; lastKnownFileType = text.plist.xml; path = Info.plist; sourceTree = "<group>"; };
		34A1842A28804642004B58E3 /* .swiftlint.yml */ = {isa = PBXFileReference; lastKnownFileType = text.yaml; path = .swiftlint.yml; sourceTree = "<group>"; };
		34B638BA28811CBB00760FD8 /* Assets.xcassets */ = {isa = PBXFileReference; lastKnownFileType = folder.assetcatalog; path = Assets.xcassets; sourceTree = "<group>"; };
		34B638BC28811CBB00760FD8 /* StageCell.swift */ = {isa = PBXFileReference; fileEncoding = 4; lastKnownFileType = sourcecode.swift; path = StageCell.swift; sourceTree = "<group>"; };
		34B638BD28811CBB00760FD8 /* Stage.storyboard */ = {isa = PBXFileReference; fileEncoding = 4; lastKnownFileType = file.storyboard; path = Stage.storyboard; sourceTree = "<group>"; };
		34B638BE28811CBB00760FD8 /* StageModel.swift */ = {isa = PBXFileReference; fileEncoding = 4; lastKnownFileType = sourcecode.swift; path = StageModel.swift; sourceTree = "<group>"; };
		34B638BF28811CBB00760FD8 /* StageViewController.swift */ = {isa = PBXFileReference; fileEncoding = 4; lastKnownFileType = sourcecode.swift; path = StageViewController.swift; sourceTree = "<group>"; };
		34B638CC28811E2C00760FD8 /* HomeViewController.swift */ = {isa = PBXFileReference; fileEncoding = 4; lastKnownFileType = sourcecode.swift; path = HomeViewController.swift; sourceTree = "<group>"; };
		34B638CE28811E2C00760FD8 /* Base */ = {isa = PBXFileReference; lastKnownFileType = file.storyboard; name = Base; path = Base.lproj/Main.storyboard; sourceTree = "<group>"; };
		34B638D228811EE300760FD8 /* GameViewController.swift */ = {isa = PBXFileReference; fileEncoding = 4; lastKnownFileType = sourcecode.swift; path = GameViewController.swift; sourceTree = "<group>"; };
		34B638D328811EE300760FD8 /* GameView.storyboard */ = {isa = PBXFileReference; fileEncoding = 4; lastKnownFileType = file.storyboard; path = GameView.storyboard; sourceTree = "<group>"; };
		34C16E2D288424DD0050F469 /* Constants.swift */ = {isa = PBXFileReference; lastKnownFileType = sourcecode.swift; path = Constants.swift; sourceTree = "<group>"; };
		34F88C302885838600BB3DF8 /* ActionList.sks */ = {isa = PBXFileReference; lastKnownFileType = file.sks; path = ActionList.sks; sourceTree = "<group>"; };
		34F88C342886BE6700BB3DF8 /* MissionScene.swift */ = {isa = PBXFileReference; lastKnownFileType = sourcecode.swift; path = MissionScene.swift; sourceTree = "<group>"; };
		34F88C362886EED000BB3DF8 /* PagedFlowLayout.swift */ = {isa = PBXFileReference; lastKnownFileType = sourcecode.swift; path = PagedFlowLayout.swift; sourceTree = "<group>"; };
		D46A0E2F288531CA00AD57DF /* BusPoleMission.storyboard */ = {isa = PBXFileReference; lastKnownFileType = file.storyboard; path = BusPoleMission.storyboard; sourceTree = "<group>"; };
		D46A0E322885324E00AD57DF /* BusPoleMissionViewController.swift */ = {isa = PBXFileReference; lastKnownFileType = sourcecode.swift; path = BusPoleMissionViewController.swift; sourceTree = "<group>"; };
		F89008E92885835200750905 /* BusSeatMissionConstants.swift */ = {isa = PBXFileReference; lastKnownFileType = sourcecode.swift; path = BusSeatMissionConstants.swift; sourceTree = "<group>"; };
		F8B6ED14289007930046E7BD /* OrderMilkShakeScene.swift */ = {isa = PBXFileReference; lastKnownFileType = sourcecode.swift; path = OrderMilkShakeScene.swift; sourceTree = "<group>"; };
		F8D2B0992883FB1100493132 /* BusSeatMission.storyboard */ = {isa = PBXFileReference; lastKnownFileType = file.storyboard; path = BusSeatMission.storyboard; sourceTree = "<group>"; };
		F8D2B09B2883FBDB00493132 /* BusSeatMissionViewController.swift */ = {isa = PBXFileReference; lastKnownFileType = sourcecode.swift; path = BusSeatMissionViewController.swift; sourceTree = "<group>"; };
		F8F7ECC428857845003D6939 /* BusSeatMissionScene.swift */ = {isa = PBXFileReference; lastKnownFileType = sourcecode.swift; path = BusSeatMissionScene.swift; sourceTree = "<group>"; };
/* End PBXFileReference section */

/* Begin PBXFrameworksBuildPhase section */
		34A1840F288044F7004B58E3 /* Frameworks */ = {
			isa = PBXFrameworksBuildPhase;
			buildActionMask = 2147483647;
			files = (
			);
			runOnlyForDeploymentPostprocessing = 0;
		};
/* End PBXFrameworksBuildPhase section */

/* Begin PBXGroup section */
		3477564F288FBEDA0049A212 /* BusMission */ = {
			isa = PBXGroup;
			children = (
				34775655288FBFE10049A212 /* BusMission.storyboard */,
				34775657288FBFED0049A212 /* BusMissionViewController.swift */,
				34F88C342886BE6700BB3DF8 /* MissionScene.swift */,
				F8D2B0982883FAF600493132 /* BusSeatMission */,
				D46A0E312885320E00AD57DF /* BusPoleMission */,
			);
			path = BusMission;
			sourceTree = "<group>";
		};
		34775650288FBEF20049A212 /* BusStory */ = {
			isa = PBXGroup;
			children = (
				3425053C28815D1000A8B6AF /* BusStoryScene.swift */,
				343579EF2889B9AD00DB1FB7 /* BusStoryScene+Extension.swift */,
				34F88C302885838600BB3DF8 /* ActionList.sks */,
				34C16E2D288424DD0050F469 /* Constants.swift */,
				34775651288FBF4D0049A212 /* BusStory.storyboard */,
				34775653288FBF630049A212 /* BusStoryViewController.swift */,
			);
			path = BusStory;
			sourceTree = "<group>";
		};
		34775659288FC08B0049A212 /* BusStage */ = {
			isa = PBXGroup;
			children = (
				34775667288FDADF0049A212 /* busStageNotificationCenter.swift */,
				34775650288FBEF20049A212 /* BusStory */,
				3477564F288FBEDA0049A212 /* BusMission */,
			);
			path = BusStage;
			sourceTree = "<group>";
		};
		3477565A288FC46F0049A212 /* CafeStage */ = {
			isa = PBXGroup;
			children = (
				3477565F288FC4B20049A212 /* CafeStory.storyboard */,
				34775661288FC4C60049A212 /* CafeMission.storyboard */,
				34775663288FC4D00049A212 /* CafeStoryViewController.swift */,
				34775665288FC4D80049A212 /* CafeMissionViewController.swift */,
				F8B6ED132890075F0046E7BD /* OrderMilkShake */,
			);
			path = CafeStage;
			sourceTree = "<group>";
		};
		34A18409288044F7004B58E3 = {
			isa = PBXGroup;
			children = (
				34A1842A28804642004B58E3 /* .swiftlint.yml */,
				34A18414288044F7004B58E3 /* RiceCake */,
				34A18413288044F7004B58E3 /* Products */,
			);
			sourceTree = "<group>";
		};
		34A18413288044F7004B58E3 /* Products */ = {
			isa = PBXGroup;
			children = (
				34A18412288044F7004B58E3 /* RiceCake.app */,
			);
			name = Products;
			sourceTree = "<group>";
		};
		34A18414288044F7004B58E3 /* RiceCake */ = {
			isa = PBXGroup;
			children = (
				34A18415288044F7004B58E3 /* AppDelegate.swift */,
				34A18417288044F7004B58E3 /* SceneDelegate.swift */,
				34A18420288044F8004B58E3 /* LaunchScreen.storyboard */,
				34B638CB28811E2C00760FD8 /* HomeView */,
				34B638BB28811CBB00760FD8 /* StageView */,
				34B638D128811EE300760FD8 /* Game */,
				34B638BA28811CBB00760FD8 /* Assets.xcassets */,
				34A18423288044F8004B58E3 /* Info.plist */,
			);
			path = RiceCake;
			sourceTree = "<group>";
		};
		34B638BB28811CBB00760FD8 /* StageView */ = {
			isa = PBXGroup;
			children = (
				34B638BC28811CBB00760FD8 /* StageCell.swift */,
				34B638BD28811CBB00760FD8 /* Stage.storyboard */,
				34B638BE28811CBB00760FD8 /* StageModel.swift */,
				34B638BF28811CBB00760FD8 /* StageViewController.swift */,
				34F88C362886EED000BB3DF8 /* PagedFlowLayout.swift */,
			);
			path = StageView;
			sourceTree = "<group>";
		};
		34B638CB28811E2C00760FD8 /* HomeView */ = {
			isa = PBXGroup;
			children = (
				34B638CC28811E2C00760FD8 /* HomeViewController.swift */,
				34B638CD28811E2C00760FD8 /* Main.storyboard */,
			);
			path = HomeView;
			sourceTree = "<group>";
		};
		34B638D128811EE300760FD8 /* Game */ = {
			isa = PBXGroup;
			children = (
				3477565A288FC46F0049A212 /* CafeStage */,
				34775659288FC08B0049A212 /* BusStage */,
				34B638D328811EE300760FD8 /* GameView.storyboard */,
				34B638D228811EE300760FD8 /* GameViewController.swift */,
			);
			path = Game;
			sourceTree = "<group>";
		};
		D46A0E312885320E00AD57DF /* BusPoleMission */ = {
			isa = PBXGroup;
			children = (
				D46A0E2F288531CA00AD57DF /* BusPoleMission.storyboard */,
				D46A0E322885324E00AD57DF /* BusPoleMissionViewController.swift */,
			);
			path = BusPoleMission;
			sourceTree = "<group>";
		};
		F8B6ED132890075F0046E7BD /* OrderMilkShake */ = {
			isa = PBXGroup;
			children = (
				F8B6ED14289007930046E7BD /* OrderMilkShakeScene.swift */,
			);
			path = OrderMilkShake;
			sourceTree = "<group>";
		};
		F8D2B0982883FAF600493132 /* BusSeatMission */ = {
			isa = PBXGroup;
			children = (
				F8D2B0992883FB1100493132 /* BusSeatMission.storyboard */,
				F8D2B09B2883FBDB00493132 /* BusSeatMissionViewController.swift */,
				F8F7ECC428857845003D6939 /* BusSeatMissionScene.swift */,
				F89008E92885835200750905 /* BusSeatMissionConstants.swift */,
			);
			path = BusSeatMission;
			sourceTree = "<group>";
		};
/* End PBXGroup section */

/* Begin PBXNativeTarget section */
		34A18411288044F7004B58E3 /* RiceCake */ = {
			isa = PBXNativeTarget;
			buildConfigurationList = 34A18426288044F8004B58E3 /* Build configuration list for PBXNativeTarget "RiceCake" */;
			buildPhases = (
				34A1842928804616004B58E3 /* SwiftLint Script */,
				34A1840E288044F7004B58E3 /* Sources */,
				34A1840F288044F7004B58E3 /* Frameworks */,
				34A18410288044F7004B58E3 /* Resources */,
			);
			buildRules = (
			);
			dependencies = (
			);
			name = RiceCake;
			productName = RiceCake;
			productReference = 34A18412288044F7004B58E3 /* RiceCake.app */;
			productType = "com.apple.product-type.application";
		};
/* End PBXNativeTarget section */

/* Begin PBXProject section */
		34A1840A288044F7004B58E3 /* Project object */ = {
			isa = PBXProject;
			attributes = {
				BuildIndependentTargetsInParallel = 1;
				LastSwiftUpdateCheck = 1340;
				LastUpgradeCheck = 1340;
				TargetAttributes = {
					34A18411288044F7004B58E3 = {
						CreatedOnToolsVersion = 13.4.1;
					};
				};
			};
			buildConfigurationList = 34A1840D288044F7004B58E3 /* Build configuration list for PBXProject "RiceCake" */;
			compatibilityVersion = "Xcode 13.0";
			developmentRegion = en;
			hasScannedForEncodings = 0;
			knownRegions = (
				en,
				Base,
			);
			mainGroup = 34A18409288044F7004B58E3;
			productRefGroup = 34A18413288044F7004B58E3 /* Products */;
			projectDirPath = "";
			projectRoot = "";
			targets = (
				34A18411288044F7004B58E3 /* RiceCake */,
			);
		};
/* End PBXProject section */

/* Begin PBXResourcesBuildPhase section */
		34A18410288044F7004B58E3 /* Resources */ = {
			isa = PBXResourcesBuildPhase;
			buildActionMask = 2147483647;
			files = (
				34A1842B28804642004B58E3 /* .swiftlint.yml in Resources */,
				D46A0E30288531CA00AD57DF /* BusPoleMission.storyboard in Resources */,
				F8D2B09A2883FB1100493132 /* BusSeatMission.storyboard in Resources */,
				34775662288FC4C60049A212 /* CafeMission.storyboard in Resources */,
				34775660288FC4B20049A212 /* CafeStory.storyboard in Resources */,
				34775652288FBF4D0049A212 /* BusStory.storyboard in Resources */,
				34775656288FBFE10049A212 /* BusMission.storyboard in Resources */,
				34B638D028811E2C00760FD8 /* Main.storyboard in Resources */,
				34B638C428811CBB00760FD8 /* Assets.xcassets in Resources */,
				34A18422288044F8004B58E3 /* LaunchScreen.storyboard in Resources */,
				34B638C628811CBB00760FD8 /* Stage.storyboard in Resources */,
				34B638D528811EE300760FD8 /* GameView.storyboard in Resources */,
				34F88C312885838600BB3DF8 /* ActionList.sks in Resources */,
			);
			runOnlyForDeploymentPostprocessing = 0;
		};
/* End PBXResourcesBuildPhase section */

/* Begin PBXShellScriptBuildPhase section */
		34A1842928804616004B58E3 /* SwiftLint Script */ = {
			isa = PBXShellScriptBuildPhase;
			buildActionMask = 2147483647;
			files = (
			);
			inputFileListPaths = (
			);
			inputPaths = (
			);
			name = "SwiftLint Script";
			outputFileListPaths = (
			);
			outputPaths = (
			);
			runOnlyForDeploymentPostprocessing = 0;
			shellPath = /bin/sh;
			shellScript = "# Type a script or drag a script file from your workspace to insert its path.\nexport PATH=\"$PATH:/opt/homebrew/bin\"\nif which swiftlint > /dev/null; then\n  swiftlint\nelse\n  echo \"warning: SwiftLint not installed, download from https://github.com/realm/SwiftLint\"\nfi\n";
		};
/* End PBXShellScriptBuildPhase section */

/* Begin PBXSourcesBuildPhase section */
		34A1840E288044F7004B58E3 /* Sources */ = {
			isa = PBXSourcesBuildPhase;
			buildActionMask = 2147483647;
			files = (
				34B638D428811EE300760FD8 /* GameViewController.swift in Sources */,
				34B638C728811CBB00760FD8 /* StageModel.swift in Sources */,
				3425053E28815D1000A8B6AF /* BusStoryScene.swift in Sources */,
				34775664288FC4D00049A212 /* CafeStoryViewController.swift in Sources */,
				34B638C528811CBB00760FD8 /* StageCell.swift in Sources */,
				343579F02889B9AD00DB1FB7 /* BusStoryScene+Extension.swift in Sources */,
				34B638C828811CBB00760FD8 /* StageViewController.swift in Sources */,
				34775654288FBF630049A212 /* BusStoryViewController.swift in Sources */,
				34A18416288044F7004B58E3 /* AppDelegate.swift in Sources */,
				34F88C372886EED000BB3DF8 /* PagedFlowLayout.swift in Sources */,
				34A18418288044F7004B58E3 /* SceneDelegate.swift in Sources */,
				34B638CF28811E2C00760FD8 /* HomeViewController.swift in Sources */,
				D46A0E332885324E00AD57DF /* BusPoleMissionViewController.swift in Sources */,
				34775658288FBFED0049A212 /* BusMissionViewController.swift in Sources */,
				34F88C352886BE6700BB3DF8 /* MissionScene.swift in Sources */,
				F8B6ED15289007930046E7BD /* OrderMilkShakeScene.swift in Sources */,
				34C16E2E288424DD0050F469 /* Constants.swift in Sources */,
				34775668288FDADF0049A212 /* busStageNotificationCenter.swift in Sources */,
				F8D2B09C2883FBDB00493132 /* BusSeatMissionViewController.swift in Sources */,
				F89008EA2885835200750905 /* BusSeatMissionConstants.swift in Sources */,
				34775666288FC4D80049A212 /* CafeMissionViewController.swift in Sources */,
				F8F7ECC528857845003D6939 /* BusSeatMissionScene.swift in Sources */,
			);
			runOnlyForDeploymentPostprocessing = 0;
		};
/* End PBXSourcesBuildPhase section */

/* Begin PBXVariantGroup section */
		34A18420288044F8004B58E3 /* LaunchScreen.storyboard */ = {
			isa = PBXVariantGroup;
			children = (
				34A18421288044F8004B58E3 /* Base */,
			);
			name = LaunchScreen.storyboard;
			sourceTree = "<group>";
		};
		34B638CD28811E2C00760FD8 /* Main.storyboard */ = {
			isa = PBXVariantGroup;
			children = (
				34B638CE28811E2C00760FD8 /* Base */,
			);
			name = Main.storyboard;
			sourceTree = "<group>";
		};
/* End PBXVariantGroup section */

/* Begin XCBuildConfiguration section */
		34A18424288044F8004B58E3 /* Debug */ = {
			isa = XCBuildConfiguration;
			buildSettings = {
				ALWAYS_SEARCH_USER_PATHS = NO;
				CLANG_ANALYZER_NONNULL = YES;
				CLANG_ANALYZER_NUMBER_OBJECT_CONVERSION = YES_AGGRESSIVE;
				CLANG_CXX_LANGUAGE_STANDARD = "gnu++17";
				CLANG_ENABLE_MODULES = YES;
				CLANG_ENABLE_OBJC_ARC = YES;
				CLANG_ENABLE_OBJC_WEAK = YES;
				CLANG_WARN_BLOCK_CAPTURE_AUTORELEASING = YES;
				CLANG_WARN_BOOL_CONVERSION = YES;
				CLANG_WARN_COMMA = YES;
				CLANG_WARN_CONSTANT_CONVERSION = YES;
				CLANG_WARN_DEPRECATED_OBJC_IMPLEMENTATIONS = YES;
				CLANG_WARN_DIRECT_OBJC_ISA_USAGE = YES_ERROR;
				CLANG_WARN_DOCUMENTATION_COMMENTS = YES;
				CLANG_WARN_EMPTY_BODY = YES;
				CLANG_WARN_ENUM_CONVERSION = YES;
				CLANG_WARN_INFINITE_RECURSION = YES;
				CLANG_WARN_INT_CONVERSION = YES;
				CLANG_WARN_NON_LITERAL_NULL_CONVERSION = YES;
				CLANG_WARN_OBJC_IMPLICIT_RETAIN_SELF = YES;
				CLANG_WARN_OBJC_LITERAL_CONVERSION = YES;
				CLANG_WARN_OBJC_ROOT_CLASS = YES_ERROR;
				CLANG_WARN_QUOTED_INCLUDE_IN_FRAMEWORK_HEADER = YES;
				CLANG_WARN_RANGE_LOOP_ANALYSIS = YES;
				CLANG_WARN_STRICT_PROTOTYPES = YES;
				CLANG_WARN_SUSPICIOUS_MOVE = YES;
				CLANG_WARN_UNGUARDED_AVAILABILITY = YES_AGGRESSIVE;
				CLANG_WARN_UNREACHABLE_CODE = YES;
				CLANG_WARN__DUPLICATE_METHOD_MATCH = YES;
				COPY_PHASE_STRIP = NO;
				DEBUG_INFORMATION_FORMAT = dwarf;
				ENABLE_STRICT_OBJC_MSGSEND = YES;
				ENABLE_TESTABILITY = YES;
				GCC_C_LANGUAGE_STANDARD = gnu11;
				GCC_DYNAMIC_NO_PIC = NO;
				GCC_NO_COMMON_BLOCKS = YES;
				GCC_OPTIMIZATION_LEVEL = 0;
				GCC_PREPROCESSOR_DEFINITIONS = (
					"DEBUG=1",
					"$(inherited)",
				);
				GCC_WARN_64_TO_32_BIT_CONVERSION = YES;
				GCC_WARN_ABOUT_RETURN_TYPE = YES_ERROR;
				GCC_WARN_UNDECLARED_SELECTOR = YES;
				GCC_WARN_UNINITIALIZED_AUTOS = YES_AGGRESSIVE;
				GCC_WARN_UNUSED_FUNCTION = YES;
				GCC_WARN_UNUSED_VARIABLE = YES;
				IPHONEOS_DEPLOYMENT_TARGET = 15.5;
				MTL_ENABLE_DEBUG_INFO = INCLUDE_SOURCE;
				MTL_FAST_MATH = YES;
				ONLY_ACTIVE_ARCH = YES;
				SDKROOT = iphoneos;
				SWIFT_ACTIVE_COMPILATION_CONDITIONS = DEBUG;
				SWIFT_OPTIMIZATION_LEVEL = "-Onone";
			};
			name = Debug;
		};
		34A18425288044F8004B58E3 /* Release */ = {
			isa = XCBuildConfiguration;
			buildSettings = {
				ALWAYS_SEARCH_USER_PATHS = NO;
				CLANG_ANALYZER_NONNULL = YES;
				CLANG_ANALYZER_NUMBER_OBJECT_CONVERSION = YES_AGGRESSIVE;
				CLANG_CXX_LANGUAGE_STANDARD = "gnu++17";
				CLANG_ENABLE_MODULES = YES;
				CLANG_ENABLE_OBJC_ARC = YES;
				CLANG_ENABLE_OBJC_WEAK = YES;
				CLANG_WARN_BLOCK_CAPTURE_AUTORELEASING = YES;
				CLANG_WARN_BOOL_CONVERSION = YES;
				CLANG_WARN_COMMA = YES;
				CLANG_WARN_CONSTANT_CONVERSION = YES;
				CLANG_WARN_DEPRECATED_OBJC_IMPLEMENTATIONS = YES;
				CLANG_WARN_DIRECT_OBJC_ISA_USAGE = YES_ERROR;
				CLANG_WARN_DOCUMENTATION_COMMENTS = YES;
				CLANG_WARN_EMPTY_BODY = YES;
				CLANG_WARN_ENUM_CONVERSION = YES;
				CLANG_WARN_INFINITE_RECURSION = YES;
				CLANG_WARN_INT_CONVERSION = YES;
				CLANG_WARN_NON_LITERAL_NULL_CONVERSION = YES;
				CLANG_WARN_OBJC_IMPLICIT_RETAIN_SELF = YES;
				CLANG_WARN_OBJC_LITERAL_CONVERSION = YES;
				CLANG_WARN_OBJC_ROOT_CLASS = YES_ERROR;
				CLANG_WARN_QUOTED_INCLUDE_IN_FRAMEWORK_HEADER = YES;
				CLANG_WARN_RANGE_LOOP_ANALYSIS = YES;
				CLANG_WARN_STRICT_PROTOTYPES = YES;
				CLANG_WARN_SUSPICIOUS_MOVE = YES;
				CLANG_WARN_UNGUARDED_AVAILABILITY = YES_AGGRESSIVE;
				CLANG_WARN_UNREACHABLE_CODE = YES;
				CLANG_WARN__DUPLICATE_METHOD_MATCH = YES;
				COPY_PHASE_STRIP = NO;
				DEBUG_INFORMATION_FORMAT = "dwarf-with-dsym";
				ENABLE_NS_ASSERTIONS = NO;
				ENABLE_STRICT_OBJC_MSGSEND = YES;
				GCC_C_LANGUAGE_STANDARD = gnu11;
				GCC_NO_COMMON_BLOCKS = YES;
				GCC_WARN_64_TO_32_BIT_CONVERSION = YES;
				GCC_WARN_ABOUT_RETURN_TYPE = YES_ERROR;
				GCC_WARN_UNDECLARED_SELECTOR = YES;
				GCC_WARN_UNINITIALIZED_AUTOS = YES_AGGRESSIVE;
				GCC_WARN_UNUSED_FUNCTION = YES;
				GCC_WARN_UNUSED_VARIABLE = YES;
				IPHONEOS_DEPLOYMENT_TARGET = 15.5;
				MTL_ENABLE_DEBUG_INFO = NO;
				MTL_FAST_MATH = YES;
				SDKROOT = iphoneos;
				SWIFT_COMPILATION_MODE = wholemodule;
				SWIFT_OPTIMIZATION_LEVEL = "-O";
				VALIDATE_PRODUCT = YES;
			};
			name = Release;
		};
		34A18427288044F8004B58E3 /* Debug */ = {
			isa = XCBuildConfiguration;
			buildSettings = {
				ASSETCATALOG_COMPILER_APPICON_NAME = AppIcon;
				ASSETCATALOG_COMPILER_GLOBAL_ACCENT_COLOR_NAME = AccentColor;
				CODE_SIGN_STYLE = Automatic;
				CURRENT_PROJECT_VERSION = 1;
				DEVELOPMENT_TEAM = 9G3C2CYQ6Z;
				GENERATE_INFOPLIST_FILE = YES;
				INFOPLIST_FILE = RiceCake/Info.plist;
				INFOPLIST_KEY_UIApplicationSupportsIndirectInputEvents = YES;
				INFOPLIST_KEY_UILaunchStoryboardName = LaunchScreen;
				INFOPLIST_KEY_UIMainStoryboardFile = Main;
				INFOPLIST_KEY_UISupportedInterfaceOrientations_iPad = "UIInterfaceOrientationPortrait UIInterfaceOrientationPortraitUpsideDown UIInterfaceOrientationLandscapeLeft UIInterfaceOrientationLandscapeRight";
				INFOPLIST_KEY_UISupportedInterfaceOrientations_iPhone = "UIInterfaceOrientationPortrait UIInterfaceOrientationLandscapeLeft UIInterfaceOrientationLandscapeRight";
				LD_RUNPATH_SEARCH_PATHS = (
					"$(inherited)",
					"@executable_path/Frameworks",
				);
				MARKETING_VERSION = 1.0;
				PRODUCT_BUNDLE_IDENTIFIER = com.RiceCake.RiceCake;
				PRODUCT_NAME = "$(TARGET_NAME)";
				SWIFT_EMIT_LOC_STRINGS = YES;
				SWIFT_VERSION = 5.0;
				TARGETED_DEVICE_FAMILY = "1,2";
			};
			name = Debug;
		};
		34A18428288044F8004B58E3 /* Release */ = {
			isa = XCBuildConfiguration;
			buildSettings = {
				ASSETCATALOG_COMPILER_APPICON_NAME = AppIcon;
				ASSETCATALOG_COMPILER_GLOBAL_ACCENT_COLOR_NAME = AccentColor;
				CODE_SIGN_STYLE = Automatic;
				CURRENT_PROJECT_VERSION = 1;
				DEVELOPMENT_TEAM = 9G3C2CYQ6Z;
				GENERATE_INFOPLIST_FILE = YES;
				INFOPLIST_FILE = RiceCake/Info.plist;
				INFOPLIST_KEY_UIApplicationSupportsIndirectInputEvents = YES;
				INFOPLIST_KEY_UILaunchStoryboardName = LaunchScreen;
				INFOPLIST_KEY_UIMainStoryboardFile = Main;
				INFOPLIST_KEY_UISupportedInterfaceOrientations_iPad = "UIInterfaceOrientationPortrait UIInterfaceOrientationPortraitUpsideDown UIInterfaceOrientationLandscapeLeft UIInterfaceOrientationLandscapeRight";
				INFOPLIST_KEY_UISupportedInterfaceOrientations_iPhone = "UIInterfaceOrientationPortrait UIInterfaceOrientationLandscapeLeft UIInterfaceOrientationLandscapeRight";
				LD_RUNPATH_SEARCH_PATHS = (
					"$(inherited)",
					"@executable_path/Frameworks",
				);
				MARKETING_VERSION = 1.0;
				PRODUCT_BUNDLE_IDENTIFIER = com.RiceCake.RiceCake;
				PRODUCT_NAME = "$(TARGET_NAME)";
				SWIFT_EMIT_LOC_STRINGS = YES;
				SWIFT_VERSION = 5.0;
				TARGETED_DEVICE_FAMILY = "1,2";
			};
			name = Release;
		};
/* End XCBuildConfiguration section */

/* Begin XCConfigurationList section */
		34A1840D288044F7004B58E3 /* Build configuration list for PBXProject "RiceCake" */ = {
			isa = XCConfigurationList;
			buildConfigurations = (
				34A18424288044F8004B58E3 /* Debug */,
				34A18425288044F8004B58E3 /* Release */,
			);
			defaultConfigurationIsVisible = 0;
			defaultConfigurationName = Release;
		};
		34A18426288044F8004B58E3 /* Build configuration list for PBXNativeTarget "RiceCake" */ = {
			isa = XCConfigurationList;
			buildConfigurations = (
				34A18427288044F8004B58E3 /* Debug */,
				34A18428288044F8004B58E3 /* Release */,
			);
			defaultConfigurationIsVisible = 0;
			defaultConfigurationName = Release;
		};
/* End XCConfigurationList section */
	};
	rootObject = 34A1840A288044F7004B58E3 /* Project object */;
}
